
Microsoft Visual Studio Solution File, Format Version 12.00
# Visual Studio Version 17
VisualStudioVersion = 17.5.33530.505
MinimumVisualStudioVersion = 10.0.40219.1
Project("{FAE04EC0-301F-11D3-BF4B-00C04F79EFBC}") = "CalculadoraCheta-1 (prototipo)", "CalculadoraCheta-1 (prototipo).csproj", "{7BA22837-01CC-47A9-9A6A-AA1CA7692AF3}"
EndProject
Global
	GlobalSection(SolutionConfigurationPlatforms) = preSolution
		Debug|Any CPU = Debug|Any CPU
		Release|Any CPU = Release|Any CPU
	EndGlobalSection
	GlobalSection(ProjectConfigurationPlatforms) = postSolution
		{7BA22837-01CC-47A9-9A6A-AA1CA7692AF3}.Debug|Any CPU.ActiveCfg = Debug|Any CPU
		{7BA22837-01CC-47A9-9A6A-AA1CA7692AF3}.Debug|Any CPU.Build.0 = Debug|Any CPU
		{7BA22837-01CC-47A9-9A6A-AA1CA7692AF3}.Release|Any CPU.ActiveCfg = Release|Any CPU
		{7BA22837-01CC-47A9-9A6A-AA1CA7692AF3}.Release|Any CPU.Build.0 = Release|Any CPU
	EndGlobalSection
	GlobalSection(SolutionProperties) = preSolution
		HideSolutionNode = FALSE
	EndGlobalSection
	GlobalSection(ExtensibilityGlobals) = postSolution
		SolutionGuid = {8291248B-B29F-4DCE-B7A9-B0C9F7EE8C6C}
	EndGlobalSection
EndGlobal
